{
  "name": "hotload-server-middleware",
  "version": "1.0.1",
  "lockfileVersion": 1,
  "requires": true,
  "dependencies": {
    "is-object": {
      "version": "1.0.1",
      "resolved": "http://r.tnpm.oa.com/is-object/download/is-object-1.0.1.tgz",
      "integrity": "sha1-iVJojF7C/9awPsyF52ngKQMINHA="
    },
    "require-from-string": {
      "version": "2.0.2",
      "resolved": "http://r.tnpm.oa.com/require-from-string/download/require-from-string-2.0.2.tgz",
      "integrity": "sha1-iaf92TgmEmcxjq/hT5wy5ZjDaQk="
    }
  }
}
